{
    "_readme": [
        "This file locks the dependencies of your project to a known state",
        "Read more about it at https://getcomposer.org/doc/01-basic-usage.md#installing-dependencies",
        "This file is @generated automatically"
    ],
    "content-hash": "9581b4c31cd696440cce3c330f4e00cf",
    "packages": [
        {
            "name": "giggsey/libphonenumber-for-php-lite",
            "version": "9.0.38",
            "source": {
                "type": "git",
                "url": "https://github.com/giggsey/libphonenumber-for-php-lite.git",
                "reference": "a165edb4765b39abc4f4af3bde9ed3b5f9690384"
            },
            "dist": {
                "type": "zip",
                "url": "https://api.github.com/repos/giggsey/libphonenumber-for-php-lite/zipball/a165edb4765b39abc4f4af3bde9ed3b5f9690384",
                "reference": "a165edb4765b39abc4f4af3bde9ed3b5f9690384",
                "shasum": ""
            },
            "require": {
                "php": "^8.1",
                "symfony/polyfill-mbstring": "^1.17"
            },
            "conflict": {
                "giggsey/libphonenumber-for-php": "*"
            },
            "require-dev": {
                "ext-dom": "*",
                "friendsofphp/php-cs-fixer": "^3.71",
                "infection/infection": "^0.29|^0.31.0",
                "nette/php-generator": "^4.1",
                "php-coveralls/php-coveralls": "^2.7",
                "phpstan/extension-installer": "^1.4.3",
                "phpstan/phpstan": "^2.1.7",
                "phpstan/phpstan-deprecation-rules": "^2.0.1",
                "phpstan/phpstan-phpunit": "^2.0.4",
                "phpstan/phpstan-strict-rules": "^2.0.3",
                "phpunit/phpunit": "^10.5.45",
                "symfony/console": "^6.4",
                "symfony/filesystem": "^6.4",
                "symfony/process": "^6.4"
            },
            "suggest": {
                "giggsey/libphonenumber-for-php": "Use libphonenumber-for-php for geocoding, carriers, timezones and matching"
            },
            "type": "library",
            "extra": {
                "branch-alias": {
                    "dev-master": "9.x-dev"
                }
            },
            "autoload": {
                "psr-4": {
                    "libphonenumber\\": "src/"
                }
            },
            "notification-url": "https://packagist.org/downloads/",
            "license": [
                "Apache-2.0"
            ],
            "authors": [
                {
                    "name": "Joshua Gigg",
                    "email": "giggsey@gmail.com",
                    "homepage": "https://giggsey.com/"
                }
            ],
            "description": "A lite version of giggsey/libphonenumber-for-php, which is a PHP Port of Google's libphonenumber",
            "homepage": "https://github.com/giggsey/libphonenumber-for-php-lite",
            "keywords": [
                "geocoding",
                "geolocation",
                "libphonenumber",
                "mobile",
                "phonenumber",
                "validation"
            ],
            "support": {
                "issues": "https://github.com/giggsey/libphonenumber-for-php-lite/issues",
                "source": "https://github.com/giggsey/libphonenumber-for-php-lite"
            },
            "time": "2026-09-01T10:41:38+00:00"
        },
        {
            "name": "symfony/polyfill-mbstring",
            "version": "v1.38.2",
            "source": {
                "type": "git",
                "url": "https://github.com/symfony/polyfill-mbstring.git",
                "reference": "d3d318bad5e7a1bfbd026009c8bfb8d8f99ae6b6"
            },
            "dist": {
                "type": "zip",
                "url": "https://api.github.com/repos/symfony/polyfill-mbstring/zipball/d3d318bad5e7a1bfbd026009c8bfb8d8f99ae6b6",
                "reference": "d3d318bad5e7a1bfbd026009c8bfb8d8f99ae6b6",
                "shasum": ""
            },
            "require": {
                "ext-iconv": "*",
                "php": ">=7.2"
            },
            "provide": {
                "ext-mbstring": "*"
            },
            "suggest": {
                "ext-mbstring": "For best performance"
            },
            "type": "library",
            "extra": {
                "thanks": {
                    "url": "https://github.com/symfony/polyfill",
                    "name": "symfony/polyfill"
                }
            },
            "autoload": {
                "files": [
                    "bootstrap.php"
                ],
                "psr-4": {
                    "Symfony\\Polyfill\\Mbstring\\": ""
                }
            },
            "notification-url": "https://packagist.org/downloads/",
            "license": [
                "MIT"
            ],
            "authors": [
                {
                    "name": "Nicolas Grekas",
                    "email": "p@tchwork.com"
                },
                {
                    "name": "Symfony Community",
                    "homepage": "https://symfony.com/contributors"
                }
            ],
            "description": "Symfony polyfill for the Mbstring extension",
            "homepage": "https://symfony.com",
            "keywords": [
                "compatibility",
                "mbstring",
                "polyfill",
                "portable",
                "shim"
            ],
            "support": {
                "source": "https://github.com/symfony/polyfill-mbstring/tree/v1.38.2"
            },
            "funding": [
                {
                    "url": "https://symfony.com/sponsor",
                    "type": "custom"
                },
                {
                    "url": "https://github.com/fabpot",
                    "type": "github"
                },
                {
                    "url": "https://github.com/nicolas-grekas",
                    "type": "github"
                },
                {
                    "url": "https://tidelift.com/funding/github/packagist/symfony/symfony",
                    "type": "tidelift"
                }
            ],
            "time": "2026-05-27T06:59:30+00:00"
        }
    ],
    "packages-dev": [],
    "aliases": [],
    "minimum-stability": "stable",
    "stability-flags": {},
    "prefer-stable": false,
    "prefer-lowest": false,
    "platform": {
        "php": ">=8.1"
    },
    "platform-dev": {},
    "plugin-api-version": "2.9.0"
}
